
Microsoft Visual Studio Solution File, Format Version 12.00
# Visual Studio Version 17
VisualStudioVersion = 17.2.32526.322
MinimumVisualStudioVersion = 10.0.40219.1
Project("{FAE04EC0-301F-11D3-BF4B-00C04F79EFBC}") = "Kursovaya_Andronova", "Kursovaya_Andronova\Kursovaya_Andronova.csproj", "{369BB324-481B-4245-89E8-CC11FC84BF53}"
EndProject
Global
	GlobalSection(SolutionConfigurationPlatforms) = preSolution
		Debug|Any CPU = Debug|Any CPU
		Release|Any CPU = Release|Any CPU
	EndGlobalSection
	GlobalSection(ProjectConfigurationPlatforms) = postSolution
		{369BB324-481B-4245-89E8-CC11FC84BF53}.Debug|Any CPU.ActiveCfg = Debug|Any CPU
		{369BB324-481B-4245-89E8-CC11FC84BF53}.Debug|Any CPU.Build.0 = Debug|Any CPU
		{369BB324-481B-4245-89E8-CC11FC84BF53}.Release|Any CPU.ActiveCfg = Release|Any CPU
		{369BB324-481B-4245-89E8-CC11FC84BF53}.Release|Any CPU.Build.0 = Release|Any CPU
	EndGlobalSection
	GlobalSection(SolutionProperties) = preSolution
		HideSolutionNode = FALSE
	EndGlobalSection
	GlobalSection(ExtensibilityGlobals) = postSolution
		SolutionGuid = {D0F89686-EE43-42E1-A3E1-5065BD8FF03A}
	EndGlobalSection
EndGlobal
